name: 'lock-slate-issues'

on:
  schedule:
    - cron: '*/6 * * * *'

permissions: {}
jobs:
  lock:
    permissions:
      issues: write # to lock issues
      pull-requests: write # to lock PRs
    runs-on: ubuntu-latest
    steps:
      - uses: actions/stale@v8
        with:
          repo-token: ${{ secrets.ACCESS_TOKEN }}
          days-before-stale: 14
          days-before-close: 1
      - uses: dessant/lock-threads@v4
        with:
          log-output: true
          github-token: ${{ secrets.ACCESS_TOKEN }}
          issue-inactive-days: 15
          issue-comment: >
            This issue has been automatically locked since there has not been any recent activity after it was closed. Please open a new issue for related bugs.
          pr-inactive-days: 15
